
Microsoft Visual Studio Solution File, Format Version 11.00
# Visual Studio 2010
Project("{FAE04EC0-301F-11D3-BF4B-00C04F79EFBC}") = "PhotonUnityNetworking.Utilities", "PhotonUnityNetworking.Utilities.csproj", "{66fb197f-1adc-1e6c-eb1b-a45203701960}"
EndProject
Project("{FAE04EC0-301F-11D3-BF4B-00C04F79EFBC}") = "Assembly-CSharp", "Assembly-CSharp.csproj", "{07daed7e-7477-617f-ad4c-5f71b5536f33}"
EndProject
Project("{FAE04EC0-301F-11D3-BF4B-00C04F79EFBC}") = "PhotonUnityNetworking", "PhotonUnityNetworking.csproj", "{0ac12e84-6e19-aae6-9ac1-775554ee85e1}"
EndProject
Project("{FAE04EC0-301F-11D3-BF4B-00C04F79EFBC}") = "PhotonChat", "PhotonChat.csproj", "{6644da4d-be08-3d27-b5e1-a528463933c2}"
EndProject
Project("{FAE04EC0-301F-11D3-BF4B-00C04F79EFBC}") = "PhotonRealtime", "PhotonRealtime.csproj", "{b15c082b-cad6-b2e5-0392-0ba4e129186c}"
EndProject
Project("{FAE04EC0-301F-11D3-BF4B-00C04F79EFBC}") = "PhotonUnityNetworking.Editor", "PhotonUnityNetworking.Editor.csproj", "{85203c28-c232-9186-0bd2-64899844268b}"
EndProject
Project("{FAE04EC0-301F-11D3-BF4B-00C04F79EFBC}") = "PhotonUnityNetworking.Utilities.PhotonPlayer.Editor", "PhotonUnityNetworking.Utilities.PhotonPlayer.Editor.csproj", "{a5ede1cd-f297-3b9a-ac3c-42aa17094de1}"
EndProject
Project("{FAE04EC0-301F-11D3-BF4B-00C04F79EFBC}") = "PhotonUnityNetworking.Utilities.Culling.Editor", "PhotonUnityNetworking.Utilities.Culling.Editor.csproj", "{8b7517ac-ab12-4afb-87ab-7e4ed9e8bf29}"
EndProject
Global
	GlobalSection(SolutionConfigurationPlatforms) = preSolution
		Debug|Any CPU = Debug|Any CPU
	EndGlobalSection
	GlobalSection(ProjectConfigurationPlatforms) = postSolution
		{66fb197f-1adc-1e6c-eb1b-a45203701960}.Debug|Any CPU.ActiveCfg = Debug|Any CPU
		{66fb197f-1adc-1e6c-eb1b-a45203701960}.Debug|Any CPU.Build.0 = Debug|Any CPU
		{07daed7e-7477-617f-ad4c-5f71b5536f33}.Debug|Any CPU.ActiveCfg = Debug|Any CPU
		{07daed7e-7477-617f-ad4c-5f71b5536f33}.Debug|Any CPU.Build.0 = Debug|Any CPU
		{0ac12e84-6e19-aae6-9ac1-775554ee85e1}.Debug|Any CPU.ActiveCfg = Debug|Any CPU
		{0ac12e84-6e19-aae6-9ac1-775554ee85e1}.Debug|Any CPU.Build.0 = Debug|Any CPU
		{6644da4d-be08-3d27-b5e1-a528463933c2}.Debug|Any CPU.ActiveCfg = Debug|Any CPU
		{6644da4d-be08-3d27-b5e1-a528463933c2}.Debug|Any CPU.Build.0 = Debug|Any CPU
		{b15c082b-cad6-b2e5-0392-0ba4e129186c}.Debug|Any CPU.ActiveCfg = Debug|Any CPU
		{b15c082b-cad6-b2e5-0392-0ba4e129186c}.Debug|Any CPU.Build.0 = Debug|Any CPU
		{85203c28-c232-9186-0bd2-64899844268b}.Debug|Any CPU.ActiveCfg = Debug|Any CPU
		{85203c28-c232-9186-0bd2-64899844268b}.Debug|Any CPU.Build.0 = Debug|Any CPU
		{a5ede1cd-f297-3b9a-ac3c-42aa17094de1}.Debug|Any CPU.ActiveCfg = Debug|Any CPU
		{a5ede1cd-f297-3b9a-ac3c-42aa17094de1}.Debug|Any CPU.Build.0 = Debug|Any CPU
		{8b7517ac-ab12-4afb-87ab-7e4ed9e8bf29}.Debug|Any CPU.ActiveCfg = Debug|Any CPU
		{8b7517ac-ab12-4afb-87ab-7e4ed9e8bf29}.Debug|Any CPU.Build.0 = Debug|Any CPU
	EndGlobalSection
	GlobalSection(SolutionProperties) = preSolution
		HideSolutionNode = FALSE
	EndGlobalSection
EndGlobal
